github.com/aws/aws-sdk-go-v2 v1.16.5/go.mod h1:Wh7MEsmEApyL5hrWzpDkba4gwAPc5/piwLVLFnCxp48=
github.com/aws/aws-sdk-go-v2 v1.16.11/go.mod h1:WTACcleLz6VZTp7fak4EO5b9Q4foxbn+8PIz3PmyKlo=
github.com/aws/aws-sdk-go-v2 v1.16.14 h1:db6GvO4Z2UqHt5gvT0lr6J5x5P+oQ7bdRzczVaRekMU=
github.com/aws/aws-sdk-go-v2 v1.16.14/go.mod h1:s/G+UV29dECbF5rf+RNj1xhlmvoNurGSr+McVSRj59w=
github.com/aws/aws-sdk-go-v2/aws/protocol/eventstream v1.4.2 h1:LFOGNUQxc/8BlhA4FD+JdYjJKQK6tsz9Xiuh+GUTKAQ=
github.com/aws/aws-sdk-go-v2/aws/protocol/eventstream v1.4.2/go.mod h1:u/38zebMi809w7YFnqY/07Tw/FSs6DGhPD95Xiig7XQ=
github.com/aws/aws-sdk-go-v2/config v1.15.10 h1:0HSMRNGlR0/WlGbeKC9DbBphBwRIK5H4cKUbgqNTKcA=
github.com/aws/aws-sdk-go-v2/config v1.15.10/go.mod h1:XL4DzwzWdwXBzKdwMdpLkMIaGEQCYRQyzA4UnJaUnNk=
github.com/aws/aws-sdk-go-v2/credentials v1.12.5 h1:WNNCUTWA0vyMy5t8LfS4iB7QshsW0DsHS/VdhyCGZWM=
github.com/aws/aws-sdk-go-v2/credentials v1.12.5/go.mod h1:DOcdLlkqUiNGyXnjWgspC3eIAdXhj8q0pO1LiSvrTI4=
github.com/aws/aws-sdk-go-v2/feature/ec2/imds v1.12.6 h1:+NZzDh/RpcQTpo9xMFUgkseIam6PC+YJbdhbQp1NOXI=
github.com/aws/aws-sdk-go-v2/feature/ec2/imds v1.12.6/go.mod h1:ClLMcuQA/wcHPmOIfNzNI4Y1Q0oDbmEkbYhMFOzHDh8=
github.com/aws/aws-sdk-go-v2/internal/configsources v1.1.12/go.mod h1:Afj/U8svX6sJ77Q+FPWMzabJ9QjbwP32YlopgKALUpg=
github.com/aws/aws-sdk-go-v2/internal/configsources v1.1.18/go.mod h1:348MLhzV1GSlZSMusdwQpXKbhD7X2gbI/TxwAPKkYZQ=
github.com/aws/aws-sdk-go-v2/internal/configsources v1.1.21 h1:gRIXnmAVNyoRQywdNtpAkgY+f30QNzgF53Q5OobNZZs=
github.com/aws/aws-sdk-go-v2/internal/configsources v1.1.21/go.mod h1:XsmHMV9c512xgsW01q7H0ut+UQQQpWX8QsFbdLHDwaU=
github.com/aws/aws-sdk-go-v2/internal/endpoints/v2 v2.4.6/go.mod h1:FwpAKI+FBPIELJIdmQzlLtRe8LQSOreMcM2wBsPMvvc=
github.com/aws/aws-sdk-go-v2/internal/endpoints/v2 v2.4.12/go.mod h1:ckaCVTEdGAxO6KwTGzgskxR1xM+iJW4lxMyDFVda2Fc=
github.com/aws/aws-sdk-go-v2/internal/endpoints/v2 v2.4.15 h1:noAhOo2mMDyYhTx99aYPvQw16T3fQ/DiKAv9fzpIKH8=
github.com/aws/aws-sdk-go-v2/internal/endpoints/v2 v2.4.15/go.mod h1:kjJ4CyD9M3Wq88GYg3IPfj67Rs0Uvz8aXK7MJ8BvE4I=
github.com/aws/aws-sdk-go-v2/internal/ini v1.3.13 h1:L/l0WbIpIadRO7i44jZh1/XeXpNDX0sokFppb4ZnXUI=
github.com/aws/aws-sdk-go-v2/internal/ini v1.3.13/go.mod h1:hiM/y1XPp3DoEPhoVEYc/CZcS58dP6RKJRDFp99wdX0=
github.com/aws/aws-sdk-go-v2/internal/v4a v1.0.3 h1:m1vDVDoNK4tZAoWtcetHopEdIeUlrNNpdLZ7cwZke6s=
github.com/aws/aws-sdk-go-v2/internal/v4a v1.0.3/go.mod h1:annFthsb7FiHQd5X9wKDNst9OJvVFY0l0LjQ8zQniJA=
github.com/aws/aws-sdk-go-v2/service/cloudwatchlogs v1.15.8 h1:S61ei29N1W3Mj3QFTJDxKE0nF+jgD2hUQ4UVbUsoq4M=
github.com/aws/aws-sdk-go-v2/service/cloudwatchlogs v1.15.8/go.mod h1:s1VB5n8Ak2Kve6EeCsLu0vTR864sethcgRSBQJG0DBg=
github.com/aws/aws-sdk-go-v2/service/ec2 v1.45.1 h1:pcbKiQMSNsY4Mt+D+M2XI90Mz38Yb6pjTv138dxCLFk=
github.com/aws/aws-sdk-go-v2/service/ec2 v1.45.1/go.mod h1:M7k8Xgr0AsECwnDcfxXhGyDZ6ozYWLFZwb4ztT46+tI=
github.com/aws/aws-sdk-go-v2/service/ecr v1.17.12 h1:qBuF6exFzbKurzWqBR+7ptvnuKuWipm9LclsB7A/AUo=
github.com/aws/aws-sdk-go-v2/service/ecr v1.17.12/go.mod h1:/RTlDxrZR6VPGpVCydun5SbxzDciIJKiQUYF/EOpvXA=
github.com/aws/aws-sdk-go-v2/service/internal/accept-encoding v1.9.2 h1:T/ywkX1ed+TsZVQccu/8rRJGxKZF/t0Ivgrb4MHTSeo=
github.com/aws/aws-sdk-go-v2/service/internal/accept-encoding v1.9.2/go.mod h1:RnloUnyZ4KN9JStGY1LuQ7Wzqh7V0f8FinmRdHYtuaA=
github.com/aws/aws-sdk-go-v2/service/internal/checksum v1.1.7 h1:DYUAx8lWAhIzFiD284oq6RUPKppKk3cyqv/hyUkbWuA=
github.com/aws/aws-sdk-go-v2/service/internal/checksum v1.1.7/go.mod h1:6tcs0yjwAW2Z9Yb3Z4X/2tm3u9jNox1dvXxVXTd73Zw=
github.com/aws/aws-sdk-go-v2/service/internal/presigned-url v1.9.6 h1:0ZxYAZ1cn7Swi/US55VKciCE6RhRHIwCKIWaMLdT6pg=
github.com/aws/aws-sdk-go-v2/service/internal/presigned-url v1.9.6/go.mod h1:DxAPjquoEHf3rUHh1b9+47RAaXB8/7cB6jkzCt/GOEI=
github.com/aws/aws-sdk-go-v2/service/internal/s3shared v1.13.6 h1:SSrqxZVhrO371eg/C8Fnj6kduzltKHj/mJl2swkTBGc=
github.com/aws/aws-sdk-go-v2/service/internal/s3shared v1.13.6/go.mod h1:TzDyqDka0783D93yVirkcysbibVRxjX5HFJEWms4kKA=
github.com/aws/aws-sdk-go-v2/service/lambda v1.24.4 h1:TjBzpwWQwR0YXdtFITw0a54hFfpcKVODU06H+nN5Ek4=
github.com/aws/aws-sdk-go-v2/service/lambda v1.24.4/go.mod h1:7nxxfr4DEkcWIT0VqoqBqSNCz3PGEJ9clXvS87SA9ig=
github.com/aws/aws-sdk-go-v2/service/rds v1.21.3 h1:hkcdmbbn40fKsWMpFCLZzOwOJMXJsNW+OLLUWNPPtSc=
github.com/aws/aws-sdk-go-v2/service/rds v1.21.3/go.mod h1:QzZ4ZweihXopOWIk5M2u6ZIBsKsAqeWBMI0Tb43itHA=
github.com/aws/aws-sdk-go-v2/service/s3 v1.26.11 h1:Wt0512f6GfLiMd6a+NuOCC9r3/trmzHMTB697CBDUwg=
github.com/aws/aws-sdk-go-v2/service/s3 v1.26.11/go.mod h1:VMTprbiZWqW44viXgPSQhWdeZ8JTAeJwhO7OXpC/Rsg=
github.com/aws/aws-sdk-go-v2/service/sso v1.11.8 h1:GNIdO14AHW5CgnzMml3Tg5Fy/+NqPQvnh1HsC1zpcPo=
github.com/aws/aws-sdk-go-v2/service/sso v1.11.8/go.mod h1:UqRD9bBt15P0ofRyDZX6CfsIqPpzeHOhZKWzgSuAzpo=
github.com/aws/aws-sdk-go-v2/service/sts v1.16.7 h1:HLzjwQM9975FQWSF3uENDGHT1gFQm/q3QXu2BYIcI08=
github.com/aws/aws-sdk-go-v2/service/sts v1.16.7/go.mod h1:lVxTdiiSHY3jb1aeg+BBFtDzZGSUCv6qaNOyEGCJ1AY=
github.com/aws/smithy-go v1.11.3/go.mod h1:Tg+OJXh4MB2R/uN61Ko2f6hTZwB/ZYGOtib8J3gBHzA=
github.com/aws/smithy-go v1.12.1/go.mod h1:Tg+OJXh4MB2R/uN61Ko2f6hTZwB/ZYGOtib8J3gBHzA=
github.com/aws/smithy-go v1.13.2 h1:TBLKyeJfXTrTXRHmsv4qWt9IQGYyWThLYaJWSahTOGE=
github.com/aws/smithy-go v1.13.2/go.mod h1:Tg+OJXh4MB2R/uN61Ko2f6hTZwB/ZYGOtib8J3gBHzA=
github.com/cpuguy83/go-md2man/v2 v2.0.1/go.mod h1:tgQtvFlXSQOSOSIRvRPT7W67SCa46tRHOmNcaadrF8o=
github.com/davecgh/go-spew v1.1.0 h1:ZDRjVQ15GmhC3fiQ8ni8+OwkZQO4DARzQgrnXU1Liz8=
github.com/davecgh/go-spew v1.1.0/go.mod h1:J7Y8YcW2NihsgmVo/mv3lAwl/skON4iLHjSsI+c5H38=
github.com/fatih/color v1.13.0 h1:8LOYc1KYPPmyKMuN8QV2DNRWNbLo6LZ0iLs8+mlH53w=
github.com/fatih/color v1.13.0/go.mod h1:kLAiJbzzSOZDVNGyDpeOxJ47H46qBXwg5ILebYFFOfk=
github.com/google/go-cmp v0.5.8 h1:e6P7q2lk1O+qJJb4BtCQXlK8vWEO8V1ZeuEdJNOqZyg=
github.com/google/go-cmp v0.5.8/go.mod h1:17dUlkBOakJ0+DkrSSNjCkIjxS6bF9zb3elmeNGIjoY=
github.com/inconshreveable/mousetrap v1.0.0 h1:Z8tu5sraLXCXIcARxBp/8cbvlwVa7Z1NHg9XEKhtSvM=
github.com/inconshreveable/mousetrap v1.0.0/go.mod h1:PxqpIevigyE2G7u3NXJIT2ANytuPF1OarO4DADm73n8=
github.com/jmespath/go-jmespath v0.4.0 h1:BEgLn5cpjn8UN1mAw4NjwDrS35OdebyEtFe+9YPoQUg=
github.com/jmespath/go-jmespath v0.4.0/go.mod h1:T8mJZnbsbmF+m6zOOFylbeCJqk5+pHWvzYPziyZiYoo=
github.com/jmespath/go-jmespath/internal/testify v1.5.1 h1:shLQSRRSCCPj3f2gpwzGwWFoC7ycTf1rcQZHOlsJ6N8=
github.com/jmespath/go-jmespath/internal/testify v1.5.1/go.mod h1:L3OGu8Wl2/fWfCI6z80xFu9LTZmf1ZRjMHUOPmWr69U=
github.com/mattn/go-colorable v0.1.9 h1:sqDoxXbdeALODt0DAeJCVp38ps9ZogZEAXjus69YV3U=
github.com/mattn/go-colorable v0.1.9/go.mod h1:u6P/XSegPjTcexA+o6vUJrdnUu04hMope9wVRipJSqc=
github.com/mattn/go-isatty v0.0.12/go.mod h1:cbi8OIDigv2wuxKPP5vlRcQ1OAZbq2CE4Kysco4FUpU=
github.com/mattn/go-isatty v0.0.14 h1:yVuAays6BHfxijgZPzw+3Zlu5yQgKGP2/hcQbHb7S9Y=
github.com/mattn/go-isatty v0.0.14/go.mod h1:7GGIvUiUoEMVVmxf/4nioHXj79iQHKdU27kJ6hsGG94=
github.com/mattn/go-runewidth v0.0.9 h1:Lm995f3rfxdpd6TSmuVCHVb/QhupuXlYr8sCI/QdE+0=
github.com/mattn/go-runewidth v0.0.9/go.mod h1:H031xJmbD/WCDINGzjvQ9THkh0rPKHF+m2gUSrubnMI=
github.com/olekukonko/tablewriter v0.0.5 h1:P2Ga83D34wi1o9J6Wh1mRuqd4mF/x/lgBS7N7AbDhec=
github.com/olekukonko/tablewriter v0.0.5/go.mod h1:hPp6KlRPjbx+hW8ykQs1w3UBbZlj6HuIJcUGPhkA7kY=
github.com/pmezard/go-difflib v1.0.0 h1:4DBwDE0NGyQoBHbLQYPwSUPoCMWR5BEzIk/f1lZbAQM=
github.com/pmezard/go-difflib v1.0.0/go.mod h1:iKH77koFhYxTK1pcRnkKkqfTogsbg7gZNVY4sRDYZ/4=
github.com/russross/blackfriday/v2 v2.1.0/go.mod h1:+Rmxgy9KzJVeS9/2gXHxylqXiyQDYRxCVz55jmeOWTM=
github.com/spf13/cobra v1.4.0 h1:y+wJpx64xcgO1V+RcnwW0LEHxTKRi2ZDPSBjWnrg88Q=
github.com/spf13/cobra v1.4.0/go.mod h1:Wo4iy3BUC+X2Fybo0PDqwJIv3dNRiZLHQymsfxlB84g=
github.com/spf13/pflag v1.0.5 h1:iy+VFUOCP1a+8yFto/drg2CJ5u0yRoB7fZw3DKv/JXA=
github.com/spf13/pflag v1.0.5/go.mod h1:McXfInJRrz4CZXVZOBLb0bTZqETkiAhM9Iw0y3An2Bg=
github.com/stretchr/objx v0.1.0/go.mod h1:HFkY916IF+rwdDfMAkV7OtwuqBVzrE8GR6GFx+wExME=
golang.org/x/sys v0.0.0-20200116001909-b77594299b42/go.mod h1:h1NjWce9XRLGQEsW7wpKNCjG9DtNlClVuFLEZdDNbEs=
golang.org/x/sys v0.0.0-20200223170610-d5e6a3e2c0ae/go.mod h1:h1NjWce9XRLGQEsW7wpKNCjG9DtNlClVuFLEZdDNbEs=
golang.org/x/sys v0.0.0-20210630005230-0f9fa26af87c h1:F1jZWGFhYfh0Ci55sIpILtKKK8p3i2/krTr0H1rg74I=
golang.org/x/sys v0.0.0-20210630005230-0f9fa26af87c/go.mod h1:oPkhp1MJrh7nUepCBck5+mAzfO9JrbApNNgaTdGDITg=
gopkg.in/check.v1 v0.0.0-20161208181325-20d25e280405/go.mod h1:Co6ibVJAznAaIkqp8huTwlJQCZ016jof/cbN4VW5Yz0=
gopkg.in/yaml.v2 v2.2.8/go.mod h1:hI93XBmqTisBFMUTm0b8Fm+jr3Dg1NNxqwp+5A1VGuI=
gopkg.in/yaml.v2 v2.4.0 h1:D8xgwECY7CYvx+Y2n4sBz93Jn9JRvxdiyyo8CTfuKaY=
gopkg.in/yaml.v2 v2.4.0/go.mod h1:RDklbk79AGWmwhnvt/jBztapEOGDOx6ZbXqjP6csGnQ=
